# This file is generated by running "yarn install" inside your project.
# Manual changes might be lost - proceed with caution!

__metadata:
  version: 8
  cacheKey: 10c0

"@babel/runtime@npm:^7.23.7":
  version: 7.23.9
  resolution: "@babel/runtime@npm:7.23.9"
  dependencies:
    regenerator-runtime: "npm:^0.14.0"
  checksum: 10c0/e71205fdd7082b2656512cc98e647d9ea7e222e4fe5c36e9e5adc026446fcc3ba7b3cdff8b0b694a0b78bb85db83e7b1e3d4c56ef90726682b74f13249cf952d
  languageName: node
  linkType: hard

"@tannerjs/tailwind-base@workspace:.":
  version: 0.0.0-use.local
  resolution: "@tannerjs/tailwind-base@workspace:."
  dependencies:
    clsx: "npm:^2.1.0"
    tailwind-merge: "npm:^2.2.1"
  peerDependencies:
    react: "*"
  languageName: unknown
  linkType: soft

"clsx@npm:^2.1.0":
  version: 2.1.0
  resolution: "clsx@npm:2.1.0"
  checksum: 10c0/c09c00ad14f638366ca814097e6cab533dfa1972a358da5b557be487168acbb25b4c1395e89ffa842a8a61ba87a462d2b4885bc9d4f8410b598f3cb339599cdb
  languageName: node
  linkType: hard

"regenerator-runtime@npm:^0.14.0":
  version: 0.14.1
  resolution: "regenerator-runtime@npm:0.14.1"
  checksum: 10c0/1b16eb2c4bceb1665c89de70dcb64126a22bc8eb958feef3cd68fe11ac6d2a4899b5cd1b80b0774c7c03591dc57d16631a7f69d2daa2ec98100e2f29f7ec4cc4
  languageName: node
  linkType: hard

"tailwind-merge@npm:^2.2.1":
  version: 2.2.1
  resolution: "tailwind-merge@npm:2.2.1"
  dependencies:
    "@babel/runtime": "npm:^7.23.7"
  checksum: 10c0/14ab965ec897e9377484b7593f7a700dde09b8035b762ad42652622a3ed1f202b203f48c0f235c0b1b38e9390470d94458f6f9010d33a5a18d71b15f38b986a6
  languageName: node
  linkType: hard
